
Microsoft Visual Studio Solution File, Format Version 12.00
# Visual Studio Version 16
VisualStudioVersion = 16.6.30114.105
MinimumVisualStudioVersion = 10.0.40219.1
Project("{FAE04EC0-301F-11D3-BF4B-00C04F79EFBC}") = "BlastPDF", "BlastPDF\BlastPDF.csproj", "{FA26DBDD-67F3-46C5-A2C4-B3910841478C}"
EndProject
Project("{FAE04EC0-301F-11D3-BF4B-00C04F79EFBC}") = "ShowCase", "ShowCase\ShowCase.csproj", "{16ECAC7C-620C-4420-BC6C-C07972E34E42}"
EndProject
Project("{FAE04EC0-301F-11D3-BF4B-00C04F79EFBC}") = "BlastPDF.Test", "BlastPDF.Test\BlastPDF.Test.csproj", "{331127D4-4996-4D21-A808-09CA2B2CC975}"
EndProject
Project("{FAE04EC0-301F-11D3-BF4B-00C04F79EFBC}") = "BlastIMG", "BlastIMG\BlastIMG.csproj", "{DA68CCF5-1B74-4539-8827-1BDC385BA4BE}"
EndProject
Project("{FAE04EC0-301F-11D3-BF4B-00C04F79EFBC}") = "BlastSharp", "BlastSharp\BlastSharp.csproj", "{F33137B6-7508-4D56-80B8-1D42723DCE7C}"
EndProject
Project("{FAE04EC0-301F-11D3-BF4B-00C04F79EFBC}") = "BlastPDF.Template", "BlastPDF.Template\BlastPDF.Template.csproj", "{221C8A28-642A-447B-874D-0D09542F1A58}"
EndProject
Project("{FAE04EC0-301F-11D3-BF4B-00C04F79EFBC}") = "BlastType", "BlastType\BlastType.csproj", "{B12ED74F-00BA-4915-9157-13016E32C2BD}"
EndProject
Global
	GlobalSection(SolutionConfigurationPlatforms) = preSolution
		Debug|Any CPU = Debug|Any CPU
		Debug|x64 = Debug|x64
		Debug|x86 = Debug|x86
		Release|Any CPU = Release|Any CPU
		Release|x64 = Release|x64
		Release|x86 = Release|x86
	EndGlobalSection
	GlobalSection(SolutionProperties) = preSolution
		HideSolutionNode = FALSE
	EndGlobalSection
	GlobalSection(ProjectConfigurationPlatforms) = postSolution
		{FA26DBDD-67F3-46C5-A2C4-B3910841478C}.Debug|Any CPU.ActiveCfg = Debug|Any CPU
		{FA26DBDD-67F3-46C5-A2C4-B3910841478C}.Debug|Any CPU.Build.0 = Debug|Any CPU
		{FA26DBDD-67F3-46C5-A2C4-B3910841478C}.Debug|x64.ActiveCfg = Debug|Any CPU
		{FA26DBDD-67F3-46C5-A2C4-B3910841478C}.Debug|x64.Build.0 = Debug|Any CPU
		{FA26DBDD-67F3-46C5-A2C4-B3910841478C}.Debug|x86.ActiveCfg = Debug|Any CPU
		{FA26DBDD-67F3-46C5-A2C4-B3910841478C}.Debug|x86.Build.0 = Debug|Any CPU
		{FA26DBDD-67F3-46C5-A2C4-B3910841478C}.Release|Any CPU.ActiveCfg = Release|Any CPU
		{FA26DBDD-67F3-46C5-A2C4-B3910841478C}.Release|Any CPU.Build.0 = Release|Any CPU
		{FA26DBDD-67F3-46C5-A2C4-B3910841478C}.Release|x64.ActiveCfg = Release|Any CPU
		{FA26DBDD-67F3-46C5-A2C4-B3910841478C}.Release|x64.Build.0 = Release|Any CPU
		{FA26DBDD-67F3-46C5-A2C4-B3910841478C}.Release|x86.ActiveCfg = Release|Any CPU
		{FA26DBDD-67F3-46C5-A2C4-B3910841478C}.Release|x86.Build.0 = Release|Any CPU
		{16ECAC7C-620C-4420-BC6C-C07972E34E42}.Debug|Any CPU.ActiveCfg = Debug|Any CPU
		{16ECAC7C-620C-4420-BC6C-C07972E34E42}.Debug|Any CPU.Build.0 = Debug|Any CPU
		{16ECAC7C-620C-4420-BC6C-C07972E34E42}.Debug|x64.ActiveCfg = Debug|Any CPU
		{16ECAC7C-620C-4420-BC6C-C07972E34E42}.Debug|x64.Build.0 = Debug|Any CPU
		{16ECAC7C-620C-4420-BC6C-C07972E34E42}.Debug|x86.ActiveCfg = Debug|Any CPU
		{16ECAC7C-620C-4420-BC6C-C07972E34E42}.Debug|x86.Build.0 = Debug|Any CPU
		{16ECAC7C-620C-4420-BC6C-C07972E34E42}.Release|Any CPU.ActiveCfg = Release|Any CPU
		{16ECAC7C-620C-4420-BC6C-C07972E34E42}.Release|Any CPU.Build.0 = Release|Any CPU
		{16ECAC7C-620C-4420-BC6C-C07972E34E42}.Release|x64.ActiveCfg = Release|Any CPU
		{16ECAC7C-620C-4420-BC6C-C07972E34E42}.Release|x64.Build.0 = Release|Any CPU
		{16ECAC7C-620C-4420-BC6C-C07972E34E42}.Release|x86.ActiveCfg = Release|Any CPU
		{16ECAC7C-620C-4420-BC6C-C07972E34E42}.Release|x86.Build.0 = Release|Any CPU
		{331127D4-4996-4D21-A808-09CA2B2CC975}.Debug|Any CPU.ActiveCfg = Debug|Any CPU
		{331127D4-4996-4D21-A808-09CA2B2CC975}.Debug|Any CPU.Build.0 = Debug|Any CPU
		{331127D4-4996-4D21-A808-09CA2B2CC975}.Debug|x64.ActiveCfg = Debug|Any CPU
		{331127D4-4996-4D21-A808-09CA2B2CC975}.Debug|x64.Build.0 = Debug|Any CPU
		{331127D4-4996-4D21-A808-09CA2B2CC975}.Debug|x86.ActiveCfg = Debug|Any CPU
		{331127D4-4996-4D21-A808-09CA2B2CC975}.Debug|x86.Build.0 = Debug|Any CPU
		{331127D4-4996-4D21-A808-09CA2B2CC975}.Release|Any CPU.ActiveCfg = Release|Any CPU
		{331127D4-4996-4D21-A808-09CA2B2CC975}.Release|Any CPU.Build.0 = Release|Any CPU
		{331127D4-4996-4D21-A808-09CA2B2CC975}.Release|x64.ActiveCfg = Release|Any CPU
		{331127D4-4996-4D21-A808-09CA2B2CC975}.Release|x64.Build.0 = Release|Any CPU
		{331127D4-4996-4D21-A808-09CA2B2CC975}.Release|x86.ActiveCfg = Release|Any CPU
		{331127D4-4996-4D21-A808-09CA2B2CC975}.Release|x86.Build.0 = Release|Any CPU
		{DA68CCF5-1B74-4539-8827-1BDC385BA4BE}.Debug|Any CPU.ActiveCfg = Debug|Any CPU
		{DA68CCF5-1B74-4539-8827-1BDC385BA4BE}.Debug|Any CPU.Build.0 = Debug|Any CPU
		{DA68CCF5-1B74-4539-8827-1BDC385BA4BE}.Debug|x64.ActiveCfg = Debug|Any CPU
		{DA68CCF5-1B74-4539-8827-1BDC385BA4BE}.Debug|x64.Build.0 = Debug|Any CPU
		{DA68CCF5-1B74-4539-8827-1BDC385BA4BE}.Debug|x86.ActiveCfg = Debug|Any CPU
		{DA68CCF5-1B74-4539-8827-1BDC385BA4BE}.Debug|x86.Build.0 = Debug|Any CPU
		{DA68CCF5-1B74-4539-8827-1BDC385BA4BE}.Release|Any CPU.ActiveCfg = Release|Any CPU
		{DA68CCF5-1B74-4539-8827-1BDC385BA4BE}.Release|Any CPU.Build.0 = Release|Any CPU
		{DA68CCF5-1B74-4539-8827-1BDC385BA4BE}.Release|x64.ActiveCfg = Release|Any CPU
		{DA68CCF5-1B74-4539-8827-1BDC385BA4BE}.Release|x64.Build.0 = Release|Any CPU
		{DA68CCF5-1B74-4539-8827-1BDC385BA4BE}.Release|x86.ActiveCfg = Release|Any CPU
		{DA68CCF5-1B74-4539-8827-1BDC385BA4BE}.Release|x86.Build.0 = Release|Any CPU
		{F33137B6-7508-4D56-80B8-1D42723DCE7C}.Debug|Any CPU.ActiveCfg = Debug|Any CPU
		{F33137B6-7508-4D56-80B8-1D42723DCE7C}.Debug|Any CPU.Build.0 = Debug|Any CPU
		{F33137B6-7508-4D56-80B8-1D42723DCE7C}.Debug|x64.ActiveCfg = Debug|Any CPU
		{F33137B6-7508-4D56-80B8-1D42723DCE7C}.Debug|x64.Build.0 = Debug|Any CPU
		{F33137B6-7508-4D56-80B8-1D42723DCE7C}.Debug|x86.ActiveCfg = Debug|Any CPU
		{F33137B6-7508-4D56-80B8-1D42723DCE7C}.Debug|x86.Build.0 = Debug|Any CPU
		{F33137B6-7508-4D56-80B8-1D42723DCE7C}.Release|Any CPU.ActiveCfg = Release|Any CPU
		{F33137B6-7508-4D56-80B8-1D42723DCE7C}.Release|Any CPU.Build.0 = Release|Any CPU
		{F33137B6-7508-4D56-80B8-1D42723DCE7C}.Release|x64.ActiveCfg = Release|Any CPU
		{F33137B6-7508-4D56-80B8-1D42723DCE7C}.Release|x64.Build.0 = Release|Any CPU
		{F33137B6-7508-4D56-80B8-1D42723DCE7C}.Release|x86.ActiveCfg = Release|Any CPU
		{F33137B6-7508-4D56-80B8-1D42723DCE7C}.Release|x86.Build.0 = Release|Any CPU
		{221C8A28-642A-447B-874D-0D09542F1A58}.Debug|Any CPU.ActiveCfg = Debug|Any CPU
		{221C8A28-642A-447B-874D-0D09542F1A58}.Debug|Any CPU.Build.0 = Debug|Any CPU
		{221C8A28-642A-447B-874D-0D09542F1A58}.Debug|x64.ActiveCfg = Debug|Any CPU
		{221C8A28-642A-447B-874D-0D09542F1A58}.Debug|x64.Build.0 = Debug|Any CPU
		{221C8A28-642A-447B-874D-0D09542F1A58}.Debug|x86.ActiveCfg = Debug|Any CPU
		{221C8A28-642A-447B-874D-0D09542F1A58}.Debug|x86.Build.0 = Debug|Any CPU
		{221C8A28-642A-447B-874D-0D09542F1A58}.Release|Any CPU.ActiveCfg = Release|Any CPU
		{221C8A28-642A-447B-874D-0D09542F1A58}.Release|Any CPU.Build.0 = Release|Any CPU
		{221C8A28-642A-447B-874D-0D09542F1A58}.Release|x64.ActiveCfg = Release|Any CPU
		{221C8A28-642A-447B-874D-0D09542F1A58}.Release|x64.Build.0 = Release|Any CPU
		{221C8A28-642A-447B-874D-0D09542F1A58}.Release|x86.ActiveCfg = Release|Any CPU
		{221C8A28-642A-447B-874D-0D09542F1A58}.Release|x86.Build.0 = Release|Any CPU
		{B12ED74F-00BA-4915-9157-13016E32C2BD}.Debug|Any CPU.ActiveCfg = Debug|Any CPU
		{B12ED74F-00BA-4915-9157-13016E32C2BD}.Debug|Any CPU.Build.0 = Debug|Any CPU
		{B12ED74F-00BA-4915-9157-13016E32C2BD}.Debug|x64.ActiveCfg = Debug|Any CPU
		{B12ED74F-00BA-4915-9157-13016E32C2BD}.Debug|x64.Build.0 = Debug|Any CPU
		{B12ED74F-00BA-4915-9157-13016E32C2BD}.Debug|x86.ActiveCfg = Debug|Any CPU
		{B12ED74F-00BA-4915-9157-13016E32C2BD}.Debug|x86.Build.0 = Debug|Any CPU
		{B12ED74F-00BA-4915-9157-13016E32C2BD}.Release|Any CPU.ActiveCfg = Release|Any CPU
		{B12ED74F-00BA-4915-9157-13016E32C2BD}.Release|Any CPU.Build.0 = Release|Any CPU
		{B12ED74F-00BA-4915-9157-13016E32C2BD}.Release|x64.ActiveCfg = Release|Any CPU
		{B12ED74F-00BA-4915-9157-13016E32C2BD}.Release|x64.Build.0 = Release|Any CPU
		{B12ED74F-00BA-4915-9157-13016E32C2BD}.Release|x86.ActiveCfg = Release|Any CPU
		{B12ED74F-00BA-4915-9157-13016E32C2BD}.Release|x86.Build.0 = Release|Any CPU
	EndGlobalSection
EndGlobal
